generate_symptom_topics:
  cmd: python pipeline/symptom_topic_generator.py
  deps:
  - path: data/base/consolidated_products.csv
    md5: 5b3d820ee2da231c8bdf9a2632ad34f7
    size: 109549672
  - path: pipeline/symptom_topic_generator.py
    md5: 61c482a9b5527bdf292de034acb123d7
    size: 2486
  outs:
  - path: data/uc3/labels_generator/corex_topic_model.pkl
    md5: d92abc574803f4b7ab68f2cea8430516
    size: 3344441
generate_labels:
  cmd: python pipeline/labels_generator.py
  deps:
  - path: data/uc3/labels_generator/corex_topic_model.pkl
    md5: d92abc574803f4b7ab68f2cea8430516
    size: 3344441
  - path: pipeline/labels_generator.py
    md5: 64d7da113924accd5c5e452017122d39
    size: 1555
  outs:
  - path: data/uc3/labels_generator/generated_labels.csv
    md5: dda6718a1bbb53e36be9ddc305a73cc4
    size: 5245241
