generate_symptom_topics:
  cmd: python pipeline/symptom_topic_generator.py
  deps:
  - path: data/base/consolidated_products.csv
    md5: cc929538b87bfa31fdb37b83f69b4492
    size: 109276595
  - path: pipeline/symptom_topic_generator.py
    md5: cc8c60e06fe55334bfd00059a653f208
    size: 2489
  outs:
  - path: data/uc3/labels_generator/corex_topic_model.pkl
    md5: 8cc187f69b04d6b30331c83e1c193718
    size: 3343399
generate_labels:
  cmd: python pipeline/labels_generator.py
  deps:
  - path: data/uc3/labels_generator/corex_topic_model.pkl
    md5: 8cc187f69b04d6b30331c83e1c193718
    size: 3343399
  - path: pipeline/labels_generator.py
    md5: 79787540f2afa96ac5b6861600377288
    size: 1558
  outs:
  - path: data/uc3/labels_generator/generated_labels.csv
    md5: 5b04af8f6dc130adafd541abd0cd9371
    size: 4830842
defects_classification:
  cmd: python pipeline/defects_classifier.py
  deps:
  - path: data/uc3/labels_generator/generated_labels.csv
    md5: dda6718a1bbb53e36be9ddc305a73cc4
    size: 5245241
  - path: pipeline/defects_classifier.py
    md5: c111668f92d54fae4c1476d386709d03
    size: 2509
  outs:
  - path: data/uc3/defects_classifier/2step_classifier.pkl
    md5: cf7fe5cd717a3cfe2d0805d81b6abf82
    size: 3455950
