generate_symptom_topics:
  cmd: python pipeline/symptom_topic_generator.py
  deps:
  - path: data/base/consolidated_products.csv
    md5: cc929538b87bfa31fdb37b83f69b4492
    size: 109276595
  - path: pipeline/symptom_topic_generator.py
    md5: cc8c60e06fe55334bfd00059a653f208
    size: 2489
  outs:
  - path: data/uc3/labels_generator/corex_topic_model.pkl
    md5: 8cc187f69b04d6b30331c83e1c193718
    size: 3343399
generate_labels:
  cmd: python pipeline/labels_generator.py
  deps:
  - path: data/uc3/labels_generator/corex_topic_model.pkl
    md5: 8cc187f69b04d6b30331c83e1c193718
    size: 3343399
  - path: pipeline/labels_generator.py
    md5: 79787540f2afa96ac5b6861600377288
    size: 1558
  outs:
  - path: data/uc3/labels_generator/generated_labels.csv
    md5: 5b04af8f6dc130adafd541abd0cd9371
    size: 4830842
defects_classification:
  cmd: python pipeline/defects_classifier.py
  deps:
  - path: data/uc3/labels_generator/generated_labels.csv
    md5: 5b04af8f6dc130adafd541abd0cd9371
    size: 4830842
  - path: pipeline/defects_classifier.py
    md5: 4cd390d4ff73b5331ca2b1c380c85833
    size: 2543
  outs:
  - path: data/uc3/defects_classifier/2step_classifier.pkl
    md5: db69c90437b8bdb53cc24c8ca9a26715
    size: 5036849
defects_summarization:
  cmd: python pipeline/defect_category_generator.py
  deps:
  - path: data/uc3/defects_classifier/generated_defects.csv
    md5: b302ea79e9ba5a9f0bcef555242e128a
    size: 24789922
  - path: data/uc3/defects_summarizer/summary_labels.csv
    md5: 0646e7c4b1fa1989bbd824f7212f3aa9
    size: 558
  - path: pipeline/defects_generator.py
    md5: 940866ff0c9dcd8f7613c07edf17d56e
    size: 1316
  outs:
  - path: data/uc3/defects_summarizer/corex_model.pkl
    md5: 82200de84b8a9eae01c2071ef1703db1
    size: 2269257
defects_generation:
  cmd: python pipeline/defects_generator.py
  deps:
  - path: data/uc3/defects_classifier/2step_classifier.pkl
    md5: db69c90437b8bdb53cc24c8ca9a26715
    size: 5036849
  - path: pipeline/defects_classifier.py
    md5: 4cd390d4ff73b5331ca2b1c380c85833
    size: 2543
  outs:
  - path: data/uc3/defects_classifier/generated_defects.csv
    md5: b302ea79e9ba5a9f0bcef555242e128a
    size: 24789922
